
Microsoft Visual Studio Solution File, Format Version 9.00
# Visual Studio 2005
Project("{8BC9CEB8-8B4A-11D0-8D11-00A0C91BC942}") = "PrintCaseInfo2x", "PrintCaseInfo2x\PrintCaseInfo2x.vcproj", "{2577788D-7EFD-4717-85FD-F794B31E3E5D}"
	ProjectSection(ProjectDependencies) = postProject
		{7648517A-3F00-4C33-94E1-D6C0C4467931} = {7648517A-3F00-4C33-94E1-D6C0C4467931}
		{F3408020-AF8E-443D-932E-110AFFB89DC1} = {F3408020-AF8E-443D-932E-110AFFB89DC1}
	EndProjectSection
EndProject
Project("{8BC9CEB8-8B4A-11D0-8D11-00A0C91BC942}") = "GeneralDll", "GeneralDll\GeneralDll.vcproj", "{F3408020-AF8E-443D-932E-110AFFB89DC1}"
EndProject
Project("{8BC9CEB8-8B4A-11D0-8D11-00A0C91BC942}") = "PciCoreDll", "PciCoreDll\PciCoreDll.vcproj", "{7648517A-3F00-4C33-94E1-D6C0C4467931}"
	ProjectSection(ProjectDependencies) = postProject
		{F3408020-AF8E-443D-932E-110AFFB89DC1} = {F3408020-AF8E-443D-932E-110AFFB89DC1}
	EndProjectSection
EndProject
Global
	GlobalSection(SolutionConfigurationPlatforms) = preSolution
		Debug|Win32 = Debug|Win32
		Release|Win32 = Release|Win32
	EndGlobalSection
	GlobalSection(ProjectConfigurationPlatforms) = postSolution
		{2577788D-7EFD-4717-85FD-F794B31E3E5D}.Debug|Win32.ActiveCfg = Debug|Win32
		{2577788D-7EFD-4717-85FD-F794B31E3E5D}.Debug|Win32.Build.0 = Debug|Win32
		{2577788D-7EFD-4717-85FD-F794B31E3E5D}.Release|Win32.ActiveCfg = Release|Win32
		{2577788D-7EFD-4717-85FD-F794B31E3E5D}.Release|Win32.Build.0 = Release|Win32
		{F3408020-AF8E-443D-932E-110AFFB89DC1}.Debug|Win32.ActiveCfg = Debug|Win32
		{F3408020-AF8E-443D-932E-110AFFB89DC1}.Debug|Win32.Build.0 = Debug|Win32
		{F3408020-AF8E-443D-932E-110AFFB89DC1}.Release|Win32.ActiveCfg = Release|Win32
		{F3408020-AF8E-443D-932E-110AFFB89DC1}.Release|Win32.Build.0 = Release|Win32
		{7648517A-3F00-4C33-94E1-D6C0C4467931}.Debug|Win32.ActiveCfg = Debug|Win32
		{7648517A-3F00-4C33-94E1-D6C0C4467931}.Debug|Win32.Build.0 = Debug|Win32
		{7648517A-3F00-4C33-94E1-D6C0C4467931}.Release|Win32.ActiveCfg = Release|Win32
		{7648517A-3F00-4C33-94E1-D6C0C4467931}.Release|Win32.Build.0 = Release|Win32
	EndGlobalSection
	GlobalSection(SolutionProperties) = preSolution
		HideSolutionNode = FALSE
	EndGlobalSection
EndGlobal
